
Microsoft Visual Studio Solution File, Format Version 12.00
# Visual Studio Version 17
VisualStudioVersion = 17.5.33424.131
MinimumVisualStudioVersion = 10.0.40219.1
Project("{8BC9CEB8-8B4A-11D0-8D11-00A0C91BC942}") = "Lab_6_SAPD", "Lab_6_SAPD\Lab_6_SAPD.vcxproj", "{862A647A-7F6E-4A6B-B818-BB53B7806037}"
EndProject
Global
	GlobalSection(SolutionConfigurationPlatforms) = preSolution
		Debug|x64 = Debug|x64
		Debug|x86 = Debug|x86
		Release|x64 = Release|x64
		Release|x86 = Release|x86
	EndGlobalSection
	GlobalSection(ProjectConfigurationPlatforms) = postSolution
		{862A647A-7F6E-4A6B-B818-BB53B7806037}.Debug|x64.ActiveCfg = Debug|x64
		{862A647A-7F6E-4A6B-B818-BB53B7806037}.Debug|x64.Build.0 = Debug|x64
		{862A647A-7F6E-4A6B-B818-BB53B7806037}.Debug|x86.ActiveCfg = Debug|Win32
		{862A647A-7F6E-4A6B-B818-BB53B7806037}.Debug|x86.Build.0 = Debug|Win32
		{862A647A-7F6E-4A6B-B818-BB53B7806037}.Release|x64.ActiveCfg = Release|x64
		{862A647A-7F6E-4A6B-B818-BB53B7806037}.Release|x64.Build.0 = Release|x64
		{862A647A-7F6E-4A6B-B818-BB53B7806037}.Release|x86.ActiveCfg = Release|Win32
		{862A647A-7F6E-4A6B-B818-BB53B7806037}.Release|x86.Build.0 = Release|Win32
	EndGlobalSection
	GlobalSection(SolutionProperties) = preSolution
		HideSolutionNode = FALSE
	EndGlobalSection
	GlobalSection(ExtensibilityGlobals) = postSolution
		SolutionGuid = {88FF6150-506E-4F76-B8E8-17D212CF87AC}
	EndGlobalSection
EndGlobal
